
Microsoft Visual Studio Solution File, Format Version 12.00
# Visual Studio Version 17
VisualStudioVersion = 17.5.33516.290
MinimumVisualStudioVersion = 10.0.40219.1
Project("{9A19103F-16F7-4668-BE54-9A1E7A4F7556}") = "DesignPatterns", "DesignPatterns\DesignPatterns.csproj", "{BC6042D2-E5F0-4AFA-A7A1-3460DA3AEEDF}"
EndProject
Project("{9A19103F-16F7-4668-BE54-9A1E7A4F7556}") = "Strategy", "Strategy\Strategy.csproj", "{BC1E98BC-0819-4459-9496-46F20DCB8BD8}"
EndProject
Project("{9A19103F-16F7-4668-BE54-9A1E7A4F7556}") = "FactoryMethod", "FactoryMethod\FactoryMethod.csproj", "{B4CF6CAC-27AE-4516-81CC-E111DC6E67A0}"
EndProject
Project("{9A19103F-16F7-4668-BE54-9A1E7A4F7556}") = "AbstractFactory", "AbstractFactory\AbstractFactory.csproj", "{C9447089-DDC9-4219-878B-D69F86BB4D4B}"
EndProject
Project("{FAE04EC0-301F-11D3-BF4B-00C04F79EFBC}") = "Observer", "Observer\Observer.csproj", "{48E97185-6620-46BF-A8E3-7F0695CCF115}"
EndProject
Global
	GlobalSection(SolutionConfigurationPlatforms) = preSolution
		Debug|Any CPU = Debug|Any CPU
		Release|Any CPU = Release|Any CPU
	EndGlobalSection
	GlobalSection(ProjectConfigurationPlatforms) = postSolution
		{BC6042D2-E5F0-4AFA-A7A1-3460DA3AEEDF}.Debug|Any CPU.ActiveCfg = Debug|Any CPU
		{BC6042D2-E5F0-4AFA-A7A1-3460DA3AEEDF}.Debug|Any CPU.Build.0 = Debug|Any CPU
		{BC6042D2-E5F0-4AFA-A7A1-3460DA3AEEDF}.Release|Any CPU.ActiveCfg = Release|Any CPU
		{BC6042D2-E5F0-4AFA-A7A1-3460DA3AEEDF}.Release|Any CPU.Build.0 = Release|Any CPU
		{BC1E98BC-0819-4459-9496-46F20DCB8BD8}.Debug|Any CPU.ActiveCfg = Debug|Any CPU
		{BC1E98BC-0819-4459-9496-46F20DCB8BD8}.Debug|Any CPU.Build.0 = Debug|Any CPU
		{BC1E98BC-0819-4459-9496-46F20DCB8BD8}.Release|Any CPU.ActiveCfg = Release|Any CPU
		{BC1E98BC-0819-4459-9496-46F20DCB8BD8}.Release|Any CPU.Build.0 = Release|Any CPU
		{B4CF6CAC-27AE-4516-81CC-E111DC6E67A0}.Debug|Any CPU.ActiveCfg = Debug|Any CPU
		{B4CF6CAC-27AE-4516-81CC-E111DC6E67A0}.Debug|Any CPU.Build.0 = Debug|Any CPU
		{B4CF6CAC-27AE-4516-81CC-E111DC6E67A0}.Release|Any CPU.ActiveCfg = Release|Any CPU
		{B4CF6CAC-27AE-4516-81CC-E111DC6E67A0}.Release|Any CPU.Build.0 = Release|Any CPU
		{C9447089-DDC9-4219-878B-D69F86BB4D4B}.Debug|Any CPU.ActiveCfg = Debug|Any CPU
		{C9447089-DDC9-4219-878B-D69F86BB4D4B}.Debug|Any CPU.Build.0 = Debug|Any CPU
		{C9447089-DDC9-4219-878B-D69F86BB4D4B}.Release|Any CPU.ActiveCfg = Release|Any CPU
		{C9447089-DDC9-4219-878B-D69F86BB4D4B}.Release|Any CPU.Build.0 = Release|Any CPU
		{48E97185-6620-46BF-A8E3-7F0695CCF115}.Debug|Any CPU.ActiveCfg = Debug|Any CPU
		{48E97185-6620-46BF-A8E3-7F0695CCF115}.Debug|Any CPU.Build.0 = Debug|Any CPU
		{48E97185-6620-46BF-A8E3-7F0695CCF115}.Release|Any CPU.ActiveCfg = Release|Any CPU
		{48E97185-6620-46BF-A8E3-7F0695CCF115}.Release|Any CPU.Build.0 = Release|Any CPU
	EndGlobalSection
	GlobalSection(SolutionProperties) = preSolution
		HideSolutionNode = FALSE
	EndGlobalSection
	GlobalSection(ExtensibilityGlobals) = postSolution
		SolutionGuid = {528B77B4-3DA9-48BA-BE02-DB2EBE58FD9B}
	EndGlobalSection
EndGlobal
